{
  "name": "Shitforces",
  "lockfileVersion": 2,
  "requires": true,
  "packages": {
    "": {
      "dependencies": {
        "scss-loader": "^0.0.1"
      },
      "engines": {
        "node": "16.x"
      }
    },
    "node_modules/scss-loader": {
      "version": "0.0.1",
      "resolved": "https://registry.npmjs.org/scss-loader/-/scss-loader-0.0.1.tgz",
      "integrity": "sha512-SbT/smRJjkvvdHSEdAYAplosVkrtaSwwgUlnQCOuDS5sOKNjrS/eYCMvKeV6+YxK5cCOCsOJZd3vltrXatFp+g=="
    }
  },
  "dependencies": {
    "scss-loader": {
      "version": "0.0.1",
      "resolved": "https://registry.npmjs.org/scss-loader/-/scss-loader-0.0.1.tgz",
      "integrity": "sha512-SbT/smRJjkvvdHSEdAYAplosVkrtaSwwgUlnQCOuDS5sOKNjrS/eYCMvKeV6+YxK5cCOCsOJZd3vltrXatFp+g=="
    }
  }
}
